{
  "name": "gitbook",
  "version": "1.0.0",
  "lockfileVersion": 1,
  "requires": true,
  "dependencies": {
    "gitbook-plugin-page-toc-button": {
      "version": "0.1.1",
      "resolved": "https://registry.npmjs.org/gitbook-plugin-page-toc-button/-/gitbook-plugin-page-toc-button-0.1.1.tgz",
      "integrity": "sha512-htlxoEWhPkKze4W8xaWJ6KmC95e706dEVH06dKQSmgMEXzfovtxW67PxDwy78f0JB4z1B/3ZkaEoFmbWazAMow=="
    }
  }
}
